<?xml version="1.0" encoding="utf-8"?>
<Project ToolsVersion="4.0" xmlns="http://schemas.microsoft.com/developer/msbuild/2003">
  <ItemGroup>
    <ClCompile Include="App.cpp" />
    <ClCompile Include="main.cpp" />
    <ClCompile Include="SDLEvent.cpp" />
    <ClCompile Include="renderer.cpp">
      <Filter>engine\Source files</Filter>
    </ClCompile>
    <ClCompile Include="shader_utilities.cpp">
      <Filter>engine\Source files</Filter>
    </ClCompile>
    <ClCompile Include="game.cpp">
      <Filter>engine\Source files</Filter>
    </ClCompile>
    <ClCompile Include="resource_manager.cpp">
      <Filter>engine\Source files</Filter>
    </ClCompile>
    <ClCompile Include="input_manager.cpp">
      <Filter>engine\Source files</Filter>
    </ClCompile>
    <ClCompile Include="engine\core\component.cpp">
      <Filter>engine\Source files</Filter>
    </ClCompile>
    <ClCompile Include="engine\core\game_object.cpp">
      <Filter>engine\Source files</Filter>
    </ClCompile>
    <ClCompile Include="engine\core\unique_id.cpp">
      <Filter>engine\Source files</Filter>
    </ClCompile>
    <ClCompile Include="engine\utils\TimeManager.cpp" />
    <ClCompile Include="engine\math\vector_4.cpp">
      <Filter>engine\Source files</Filter>
    </ClCompile>
    <ClCompile Include="engine\math\vector_3.cpp">
      <Filter>engine\Source files</Filter>
    </ClCompile>
    <ClCompile Include="engine\math\vector_2.cpp">
      <Filter>engine\Source files</Filter>
    </ClCompile>
    <ClCompile Include="engine\math\matrix_4.cpp">
      <Filter>engine\Source files</Filter>
    </ClCompile>
    <ClCompile Include="engine\math\math_utilities.cpp">
      <Filter>engine\Source files</Filter>
    </ClCompile>
    <ClCompile Include="engine\utils\error_message_manager.cpp">
      <Filter>engine\Source files</Filter>
    </ClCompile>
    <ClCompile Include="block.cpp">
      <Filter>engine\Source files</Filter>
    </ClCompile>
    <ClCompile Include="ball.cpp">
      <Filter>engine\Source files</Filter>
    </ClCompile>
    <ClCompile Include="texture_manager.cpp">
      <Filter>engine\Source files</Filter>
    </ClCompile>
    <ClCompile Include="c_model_Matrix.cpp">
      <Filter>engine\Source files</Filter>
    </ClCompile>
  </ItemGroup>
  <ItemGroup>
    <ClInclude Include="App.hpp" />
    <ClInclude Include="SDLEvent.hpp" />
    <ClInclude Include="renderer.hpp">
      <Filter>engine\Header files</Filter>
    </ClInclude>
    <ClInclude Include="shader_utilities.hpp">
      <Filter>engine\Header files</Filter>
    </ClInclude>
    <ClInclude Include="game.hpp">
      <Filter>engine\Header files</Filter>
    </ClInclude>
    <ClInclude Include="resource_manager.hpp">
      <Filter>engine\Header files</Filter>
    </ClInclude>
    <ClInclude Include="input_manager.hpp">
      <Filter>engine\Header files</Filter>
    </ClInclude>
    <ClInclude Include="engine\core\unique_id.hpp">
      <Filter>engine\Header files</Filter>
    </ClInclude>
    <ClInclude Include="engine\core\i_update.hpp">
      <Filter>engine\Header files</Filter>
    </ClInclude>
    <ClInclude Include="engine\core\i_render.hpp">
      <Filter>engine\Header files</Filter>
    </ClInclude>
    <ClInclude Include="engine\core\game_object.hpp">
      <Filter>engine\Header files</Filter>
    </ClInclude>
    <ClInclude Include="engine\core\component.hpp">
      <Filter>engine\Header files</Filter>
    </ClInclude>
    <ClInclude Include="engine\utils\TimeManager.hpp" />
    <ClInclude Include="engine\utils\stb_image.h" />
    <ClInclude Include="engine\math\math_utilities.hpp">
      <Filter>engine\Header files</Filter>
    </ClInclude>
    <ClInclude Include="engine\math\vector_2.hpp">
      <Filter>engine\Header files</Filter>
    </ClInclude>
    <ClInclude Include="engine\math\vector_3.hpp">
      <Filter>engine\Header files</Filter>
    </ClInclude>
    <ClInclude Include="engine\math\vector_4.hpp">
      <Filter>engine\Header files</Filter>
    </ClInclude>
    <ClInclude Include="engine\math\matrix_4.hpp">
      <Filter>engine\Header files</Filter>
    </ClInclude>
    <ClInclude Include="engine\utils\error_message_manager.hpp">
      <Filter>engine\Header files</Filter>
    </ClInclude>
    <ClInclude Include="block.hpp">
      <Filter>engine\Header files</Filter>
    </ClInclude>
    <ClInclude Include="ball.hpp">
      <Filter>engine\Header files</Filter>
    </ClInclude>
    <ClInclude Include="texture_manager.hpp">
      <Filter>engine\Header files</Filter>
    </ClInclude>
    <ClInclude Include="engine\core\include_components.hpp">
      <Filter>engine\Header files</Filter>
    </ClInclude>
    <ClInclude Include="engine\core\c_model_matrix.hpp">
      <Filter>engine\Header files</Filter>
    </ClInclude>
    <ClInclude Include="engine\core\c_texture.hpp">
      <Filter>engine\Header files</Filter>
    </ClInclude>
    <ClInclude Include="engine\core\c_vertices.hpp">
      <Filter>engine\Header files</Filter>
    </ClInclude>
  </ItemGroup>
  <ItemGroup>
    <Filter Include="engine">
      <UniqueIdentifier>{00ea1b32-b204-439a-b1e8-2719bffbf5a0}</UniqueIdentifier>
    </Filter>
    <Filter Include="engine\Header files">
      <UniqueIdentifier>{a3a69d54-49f3-4f39-a942-fcd07c77f533}</UniqueIdentifier>
    </Filter>
    <Filter Include="engine\Source files">
      <UniqueIdentifier>{8ac7a341-5c5e-48ec-9ba0-2cd9a4765dfb}</UniqueIdentifier>
    </Filter>
    <Filter Include="engine\Assets">
      <UniqueIdentifier>{47222392-1d52-4e5f-9dd6-5cce9550b511}</UniqueIdentifier>
    </Filter>
  </ItemGroup>
  <ItemGroup>
    <None Include="engine\shaders\frag.glsl" />
    <None Include="engine\shaders\vertex.glsl" />
  </ItemGroup>
  <ItemGroup>
    <Image Include="game\assets\block.png">
      <Filter>engine\Assets</Filter>
    </Image>
    <Image Include="game\assets\background.jpg">
      <Filter>engine\Assets</Filter>
    </Image>
    <Image Include="game\assets\ball.png">
      <Filter>engine\Assets</Filter>
    </Image>
    <Image Include="game\assets\block_solid.png">
      <Filter>engine\Assets</Filter>
    </Image>
    <Image Include="game\assets\paddle.png">
      <Filter>engine\Assets</Filter>
    </Image>
  </ItemGroup>
</Project>