<?xml version="1.0" encoding="utf-8"?>
<Project ToolsVersion="4.0" xmlns="http://schemas.microsoft.com/developer/msbuild/2003">
  <ItemGroup>
    <ClCompile Include="engine\core\component.cpp">
      <Filter>BoilerPlate\engine\core</Filter>
    </ClCompile>
    <ClCompile Include="engine\core\game_object.cpp">
      <Filter>BoilerPlate\engine\core</Filter>
    </ClCompile>
    <ClCompile Include="engine\core\unique_id.cpp">
      <Filter>BoilerPlate\engine\core</Filter>
    </ClCompile>
    <ClCompile Include="engine\math\vector_4.cpp">
      <Filter>BoilerPlate\engine\math</Filter>
    </ClCompile>
    <ClCompile Include="engine\math\vector_3.cpp">
      <Filter>BoilerPlate\engine\math</Filter>
    </ClCompile>
    <ClCompile Include="engine\math\vector_2.cpp">
      <Filter>BoilerPlate\engine\math</Filter>
    </ClCompile>
    <ClCompile Include="engine\math\matrix_4.cpp">
      <Filter>BoilerPlate\engine\math</Filter>
    </ClCompile>
    <ClCompile Include="engine\math\math_utilities.cpp">
      <Filter>BoilerPlate\engine\math</Filter>
    </ClCompile>
    <ClCompile Include="engine\utils\error_message_manager.cpp">
      <Filter>BoilerPlate\engine\utils</Filter>
    </ClCompile>
    <ClCompile Include="engine\utils\TimeManager.cpp">
      <Filter>BoilerPlate\engine\utils</Filter>
    </ClCompile>
    <ClCompile Include="SDLEvent.cpp">
      <Filter>BoilerPlate</Filter>
    </ClCompile>
    <ClCompile Include="main.cpp">
      <Filter>BoilerPlate</Filter>
    </ClCompile>
    <ClCompile Include="App.cpp">
      <Filter>BoilerPlate</Filter>
    </ClCompile>
    <ClCompile Include="engine\core\c_model_matrix.cpp">
      <Filter>BoilerPlate\engine\core\components</Filter>
    </ClCompile>
    <ClCompile Include="engine\core\c_movement.cpp">
      <Filter>BoilerPlate\engine\core\components</Filter>
    </ClCompile>
    <ClCompile Include="engine\core\c_position.cpp">
      <Filter>BoilerPlate\engine\core\components</Filter>
    </ClCompile>
    <ClCompile Include="engine\core\c_vertices.cpp">
      <Filter>BoilerPlate\engine\core\components</Filter>
    </ClCompile>
    <ClCompile Include="game\objects\ball.cpp">
      <Filter>BoilerPlate\game\objects</Filter>
    </ClCompile>
    <ClCompile Include="game\objects\block.cpp">
      <Filter>BoilerPlate\game\objects</Filter>
    </ClCompile>
    <ClCompile Include="game\game.cpp">
      <Filter>BoilerPlate\game</Filter>
    </ClCompile>
    <ClCompile Include="engine\core\input_manager.cpp">
      <Filter>BoilerPlate\engine\core</Filter>
    </ClCompile>
    <ClCompile Include="engine\core\renderer.cpp">
      <Filter>BoilerPlate\engine\core</Filter>
    </ClCompile>
    <ClCompile Include="engine\core\texture_manager.cpp">
      <Filter>BoilerPlate\engine\core</Filter>
    </ClCompile>
    <ClCompile Include="engine\core\shader_utilities.cpp">
      <Filter>BoilerPlate\engine\core</Filter>
    </ClCompile>
    <ClCompile Include="engine\core\c_object_type.cpp">
      <Filter>BoilerPlate\engine\core\components</Filter>
    </ClCompile>
    <ClCompile Include="game\objects\padddle.cpp">
      <Filter>BoilerPlate\game\objects</Filter>
    </ClCompile>
    <ClCompile Include="game\objects\solid_block.cpp">
      <Filter>BoilerPlate\game\objects</Filter>
    </ClCompile>
    <ClCompile Include="game\game_level.cpp">
      <Filter>BoilerPlate\game</Filter>
    </ClCompile>
  </ItemGroup>
  <ItemGroup>
    <ClInclude Include="engine\core\component.hpp">
      <Filter>BoilerPlate\engine\core</Filter>
    </ClInclude>
    <ClInclude Include="engine\core\game_object.hpp">
      <Filter>BoilerPlate\engine\core</Filter>
    </ClInclude>
    <ClInclude Include="engine\core\i_render.hpp">
      <Filter>BoilerPlate\engine\core</Filter>
    </ClInclude>
    <ClInclude Include="engine\core\i_update.hpp">
      <Filter>BoilerPlate\engine\core</Filter>
    </ClInclude>
    <ClInclude Include="engine\core\include_components.hpp">
      <Filter>BoilerPlate\engine\core</Filter>
    </ClInclude>
    <ClInclude Include="engine\core\unique_id.hpp">
      <Filter>BoilerPlate\engine\core</Filter>
    </ClInclude>
    <ClInclude Include="engine\math\vector_4.hpp">
      <Filter>BoilerPlate\engine\math</Filter>
    </ClInclude>
    <ClInclude Include="engine\math\vector_3.hpp">
      <Filter>BoilerPlate\engine\math</Filter>
    </ClInclude>
    <ClInclude Include="engine\math\vector_2.hpp">
      <Filter>BoilerPlate\engine\math</Filter>
    </ClInclude>
    <ClInclude Include="engine\math\matrix_4.hpp">
      <Filter>BoilerPlate\engine\math</Filter>
    </ClInclude>
    <ClInclude Include="engine\math\math_utilities.hpp">
      <Filter>BoilerPlate\engine\math</Filter>
    </ClInclude>
    <ClInclude Include="engine\utils\error_message_manager.hpp">
      <Filter>BoilerPlate\engine\utils</Filter>
    </ClInclude>
    <ClInclude Include="engine\utils\stb_image.h">
      <Filter>BoilerPlate\engine\utils</Filter>
    </ClInclude>
    <ClInclude Include="engine\utils\TimeManager.hpp">
      <Filter>BoilerPlate\engine\utils</Filter>
    </ClInclude>
    <ClInclude Include="SDLEvent.hpp">
      <Filter>BoilerPlate</Filter>
    </ClInclude>
    <ClInclude Include="App.hpp">
      <Filter>BoilerPlate</Filter>
    </ClInclude>
    <ClInclude Include="engine\core\c_vertices.hpp">
      <Filter>BoilerPlate\engine\core\components</Filter>
    </ClInclude>
    <ClInclude Include="engine\core\c_model_matrix.hpp">
      <Filter>BoilerPlate\engine\core\components</Filter>
    </ClInclude>
    <ClInclude Include="engine\core\c_movement.hpp">
      <Filter>BoilerPlate\engine\core\components</Filter>
    </ClInclude>
    <ClInclude Include="engine\core\c_position.hpp">
      <Filter>BoilerPlate\engine\core\components</Filter>
    </ClInclude>
    <ClInclude Include="game\objects\ball.hpp">
      <Filter>BoilerPlate\game\objects</Filter>
    </ClInclude>
    <ClInclude Include="game\objects\block.hpp">
      <Filter>BoilerPlate\game\objects</Filter>
    </ClInclude>
    <ClInclude Include="game\game.hpp">
      <Filter>BoilerPlate\game</Filter>
    </ClInclude>
    <ClInclude Include="engine\core\input_manager.hpp">
      <Filter>BoilerPlate\engine\core</Filter>
    </ClInclude>
    <ClInclude Include="engine\core\renderer.hpp">
      <Filter>BoilerPlate\engine\core</Filter>
    </ClInclude>
    <ClInclude Include="engine\core\texture_manager.hpp">
      <Filter>BoilerPlate\engine\core</Filter>
    </ClInclude>
    <ClInclude Include="engine\core\shader_utilities.hpp">
      <Filter>BoilerPlate\engine\core</Filter>
    </ClInclude>
    <ClInclude Include="game\objects\include_game_objects.hpp">
      <Filter>BoilerPlate\game\objects</Filter>
    </ClInclude>
    <ClInclude Include="engine\core\c_object_type.hpp">
      <Filter>BoilerPlate\engine\core\components</Filter>
    </ClInclude>
    <ClInclude Include="game\objects\paddle.hpp">
      <Filter>BoilerPlate\game\objects</Filter>
    </ClInclude>
    <ClInclude Include="game\objects\solid_block.hpp">
      <Filter>BoilerPlate\game\objects</Filter>
    </ClInclude>
    <ClInclude Include="game\game_level.hpp">
      <Filter>BoilerPlate\game</Filter>
    </ClInclude>
  </ItemGroup>
  <ItemGroup>
    <Filter Include="BoilerPlate">
      <UniqueIdentifier>{00ea1b32-b204-439a-b1e8-2719bffbf5a0}</UniqueIdentifier>
    </Filter>
    <Filter Include="BoilerPlate\engine">
      <UniqueIdentifier>{cb3cc341-d459-4a31-85d7-b1c721ca5799}</UniqueIdentifier>
    </Filter>
    <Filter Include="BoilerPlate\game">
      <UniqueIdentifier>{9569218a-ad04-4f94-982a-41f6fb96fc83}</UniqueIdentifier>
    </Filter>
    <Filter Include="BoilerPlate\game\assets">
      <UniqueIdentifier>{47222392-1d52-4e5f-9dd6-5cce9550b511}</UniqueIdentifier>
    </Filter>
    <Filter Include="BoilerPlate\engine\core">
      <UniqueIdentifier>{5f75a41c-fdd3-4429-b3f7-a4dc0690cef3}</UniqueIdentifier>
    </Filter>
    <Filter Include="BoilerPlate\engine\math">
      <UniqueIdentifier>{657c223e-4ad4-4948-9d4f-8d5ae5a6b0c5}</UniqueIdentifier>
    </Filter>
    <Filter Include="BoilerPlate\engine\shaders">
      <UniqueIdentifier>{ba7dc630-d78c-4885-9b0b-0031f9f3e8cd}</UniqueIdentifier>
    </Filter>
    <Filter Include="BoilerPlate\engine\utils">
      <UniqueIdentifier>{3ca828b9-2702-4d84-9efe-2265dc8d42b3}</UniqueIdentifier>
    </Filter>
    <Filter Include="BoilerPlate\game\objects">
      <UniqueIdentifier>{7856f1b7-2779-42d7-b1be-c0d77b5171aa}</UniqueIdentifier>
    </Filter>
    <Filter Include="BoilerPlate\engine\core\components">
      <UniqueIdentifier>{3d7dd3c9-b869-4020-b2a9-cc297f86a3c9}</UniqueIdentifier>
    </Filter>
    <Filter Include="BoilerPlate\game\levels">
      <UniqueIdentifier>{d41c2517-e8a6-4440-b1a8-9f25a20fe5ab}</UniqueIdentifier>
    </Filter>
  </ItemGroup>
  <ItemGroup>
    <None Include="engine\shaders\frag.glsl">
      <Filter>BoilerPlate\engine\shaders</Filter>
    </None>
    <None Include="engine\shaders\vertex.glsl">
      <Filter>BoilerPlate\engine\shaders</Filter>
    </None>
  </ItemGroup>
  <ItemGroup>
    <Image Include="game\assets\block.png">
      <Filter>BoilerPlate\game\assets</Filter>
    </Image>
    <Image Include="game\assets\background.jpg">
      <Filter>BoilerPlate\game\assets</Filter>
    </Image>
    <Image Include="game\assets\ball.png">
      <Filter>BoilerPlate\game\assets</Filter>
    </Image>
    <Image Include="game\assets\paddle.png">
      <Filter>BoilerPlate\game\assets</Filter>
    </Image>
    <Image Include="game\assets\solid_block.png">
      <Filter>BoilerPlate\game\assets</Filter>
    </Image>
  </ItemGroup>
  <ItemGroup>
    <Text Include="game\levels\test.txt">
      <Filter>BoilerPlate\game\levels</Filter>
    </Text>
  </ItemGroup>
</Project>