<?xml version="1.0" encoding="utf-8"?>
<Project ToolsVersion="4.0" xmlns="http://schemas.microsoft.com/developer/msbuild/2003">
  <ItemGroup>
    <ClCompile Include="App.cpp" />
    <ClCompile Include="main.cpp" />
    <ClCompile Include="SDLEvent.cpp" />
    <ClCompile Include="TimeManager.cpp" />
    <ClCompile Include="matrix_4.cpp">
      <Filter>Engine\Source files</Filter>
    </ClCompile>
    <ClCompile Include="vector_2.cpp">
      <Filter>Engine\Source files</Filter>
    </ClCompile>
    <ClCompile Include="vector_3.cpp">
      <Filter>Engine\Source files</Filter>
    </ClCompile>
    <ClCompile Include="vector_4.cpp">
      <Filter>Engine\Source files</Filter>
    </ClCompile>
    <ClCompile Include="math_utilities.cpp">
      <Filter>Engine\Source files</Filter>
    </ClCompile>
    <ClCompile Include="renderer.cpp">
      <Filter>Engine\Source files</Filter>
    </ClCompile>
    <ClCompile Include="shader_utilities.cpp">
      <Filter>Engine\Source files</Filter>
    </ClCompile>
    <ClCompile Include="texture.cpp">
      <Filter>Engine\Source files</Filter>
    </ClCompile>
    <ClCompile Include="error_message_manager.cpp">
      <Filter>Engine\Source files</Filter>
    </ClCompile>
    <ClCompile Include="component.cpp">
      <Filter>Engine\Source files</Filter>
    </ClCompile>
    <ClCompile Include="game_object.cpp">
      <Filter>Engine\Source files</Filter>
    </ClCompile>
    <ClCompile Include="unique_id.cpp">
      <Filter>Engine\Source files</Filter>
    </ClCompile>
    <ClCompile Include="game.cpp">
      <Filter>Engine\Source files</Filter>
    </ClCompile>
    <ClCompile Include="sprite.cpp">
      <Filter>Engine\Source files</Filter>
    </ClCompile>
    <ClCompile Include="resource_manager.cpp">
      <Filter>Engine\Source files</Filter>
    </ClCompile>
    <ClCompile Include="input_manager.cpp">
      <Filter>Engine\Source files</Filter>
    </ClCompile>
  </ItemGroup>
  <ItemGroup>
    <ClInclude Include="App.hpp" />
    <ClInclude Include="SDLEvent.hpp" />
    <ClInclude Include="TimeManager.hpp" />
    <ClInclude Include="vector_4.hpp">
      <Filter>Engine\Header files</Filter>
    </ClInclude>
    <ClInclude Include="vector_3.hpp">
      <Filter>Engine\Header files</Filter>
    </ClInclude>
    <ClInclude Include="matrix_4.hpp">
      <Filter>Engine\Header files</Filter>
    </ClInclude>
    <ClInclude Include="vector_2.hpp">
      <Filter>Engine\Header files</Filter>
    </ClInclude>
    <ClInclude Include="math_utilities.hpp">
      <Filter>Engine\Header files</Filter>
    </ClInclude>
    <ClInclude Include="stb_image.h" />
    <ClInclude Include="renderer.hpp">
      <Filter>Engine\Header files</Filter>
    </ClInclude>
    <ClInclude Include="shader_utilities.hpp">
      <Filter>Engine\Header files</Filter>
    </ClInclude>
    <ClInclude Include="texture.hpp">
      <Filter>Engine\Header files</Filter>
    </ClInclude>
    <ClInclude Include="error_message_manager.hpp">
      <Filter>Engine\Header files</Filter>
    </ClInclude>
    <ClInclude Include="component.hpp">
      <Filter>Engine\Header files</Filter>
    </ClInclude>
    <ClInclude Include="game_object.hpp">
      <Filter>Engine\Header files</Filter>
    </ClInclude>
    <ClInclude Include="unique_id.hpp">
      <Filter>Engine\Header files</Filter>
    </ClInclude>
    <ClInclude Include="i_update.hpp">
      <Filter>Engine\Header files</Filter>
    </ClInclude>
    <ClInclude Include="game.hpp">
      <Filter>Engine\Header files</Filter>
    </ClInclude>
    <ClInclude Include="sprite.hpp">
      <Filter>Engine\Header files</Filter>
    </ClInclude>
    <ClInclude Include="i_render.hpp">
      <Filter>Engine\Header files</Filter>
    </ClInclude>
    <ClInclude Include="resource_manager.hpp">
      <Filter>Engine\Header files</Filter>
    </ClInclude>
    <ClInclude Include="input_manager.hpp">
      <Filter>Engine\Header files</Filter>
    </ClInclude>
  </ItemGroup>
  <ItemGroup>
    <Filter Include="Engine">
      <UniqueIdentifier>{00ea1b32-b204-439a-b1e8-2719bffbf5a0}</UniqueIdentifier>
    </Filter>
    <Filter Include="Engine\Header files">
      <UniqueIdentifier>{a3a69d54-49f3-4f39-a942-fcd07c77f533}</UniqueIdentifier>
    </Filter>
    <Filter Include="Engine\Source files">
      <UniqueIdentifier>{8ac7a341-5c5e-48ec-9ba0-2cd9a4765dfb}</UniqueIdentifier>
    </Filter>
  </ItemGroup>
  <ItemGroup>
    <None Include="frag.glsl" />
    <None Include="vertex.glsl" />
  </ItemGroup>
  <ItemGroup>
    <Image Include="test.png" />
  </ItemGroup>
</Project>